// !$*UTF8*$!
{
	archiveVersion = 1;
	classes = {
	};
	objectVersion = 46;
	objects = {

/* Begin PBXBuildFile section */
		356BCB841D571942007CBF2A /* AppDelegate.swift in Sources */ = {isa = PBXBuildFile; fileRef = 356BCB831D571942007CBF2A /* AppDelegate.swift */; };
		356BCB861D571942007CBF2A /* ViewController.swift in Sources */ = {isa = PBXBuildFile; fileRef = 356BCB851D571942007CBF2A /* ViewController.swift */; };
		356BCB891D571942007CBF2A /* Main.storyboard in Resources */ = {isa = PBXBuildFile; fileRef = 356BCB871D571942007CBF2A /* Main.storyboard */; };
		356BCB8B1D571942007CBF2A /* Assets.xcassets in Resources */ = {isa = PBXBuildFile; fileRef = 356BCB8A1D571942007CBF2A /* Assets.xcassets */; };
		356BCB8E1D571942007CBF2A /* LaunchScreen.storyboard in Resources */ = {isa = PBXBuildFile; fileRef = 356BCB8C1D571942007CBF2A /* LaunchScreen.storyboard */; };
		356BCB991D571942007CBF2A /* OmniTests.swift in Sources */ = {isa = PBXBuildFile; fileRef = 356BCB981D571942007CBF2A /* OmniTests.swift */; };
		356BCBA41D571942007CBF2A /* OmniUITests.swift in Sources */ = {isa = PBXBuildFile; fileRef = 356BCBA31D571942007CBF2A /* OmniUITests.swift */; };
/* End PBXBuildFile section */

/* Begin PBXContainerItemProxy section */
		356BCB951D571942007CBF2A /* PBXContainerItemProxy */ = {
			isa = PBXContainerItemProxy;
			containerPortal = 356BCB781D571942007CBF2A /* Project object */;
			proxyType = 1;
			remoteGlobalIDString = 356BCB7F1D571942007CBF2A;
			remoteInfo = Omni;
		};
		356BCBA01D571942007CBF2A /* PBXContainerItemProxy */ = {
			isa = PBXContainerItemProxy;
			containerPortal = 356BCB781D571942007CBF2A /* Project object */;
			proxyType = 1;
			remoteGlobalIDString = 356BCB7F1D571942007CBF2A;
			remoteInfo = Omni;
		};
/* End PBXContainerItemProxy section */

/* Begin PBXFileReference section */
		356BCB801D571942007CBF2A /* Omni.app */ = {isa = PBXFileReference; explicitFileType = wrapper.application; includeInIndex = 0; path = Omni.app; sourceTree = BUILT_PRODUCTS_DIR; };
		356BCB831D571942007CBF2A /* AppDelegate.swift */ = {isa = PBXFileReference; lastKnownFileType = sourcecode.swift; path = AppDelegate.swift; sourceTree = "<group>"; };
		356BCB851D571942007CBF2A /* ViewController.swift */ = {isa = PBXFileReference; lastKnownFileType = sourcecode.swift; path = ViewController.swift; sourceTree = "<group>"; };
		356BCB881D571942007CBF2A /* Base */ = {isa = PBXFileReference; lastKnownFileType = file.storyboard; name = Base; path = Base.lproj/Main.storyboard; sourceTree = "<group>"; };
		356BCB8A1D571942007CBF2A /* Assets.xcassets */ = {isa = PBXFileReference; lastKnownFileType = folder.assetcatalog; path = Assets.xcassets; sourceTree = "<group>"; };
		356BCB8D1D571942007CBF2A /* Base */ = {isa = PBXFileReference; lastKnownFileType = file.storyboard; name = Base; path = Base.lproj/LaunchScreen.storyboard; sourceTree = "<group>"; };
		356BCB8F1D571942007CBF2A /* Info.plist */ = {isa = PBXFileReference; lastKnownFileType = text.plist.xml; path = Info.plist; sourceTree = "<group>"; };
		356BCB941D571942007CBF2A /* OmniTests.xctest */ = {isa = PBXFileReference; explicitFileType = wrapper.cfbundle; includeInIndex = 0; path = OmniTests.xctest; sourceTree = BUILT_PRODUCTS_DIR; };
		356BCB981D571942007CBF2A /* OmniTests.swift */ = {isa = PBXFileReference; lastKnownFileType = sourcecode.swift; path = OmniTests.swift; sourceTree = "<group>"; };
		356BCB9A1D571942007CBF2A /* Info.plist */ = {isa = PBXFileReference; lastKnownFileType = text.plist.xml; path = Info.plist; sourceTree = "<group>"; };
		356BCB9F1D571942007CBF2A /* OmniUITests.xctest */ = {isa = PBXFileReference; explicitFileType = wrapper.cfbundle; includeInIndex = 0; path = OmniUITests.xctest; sourceTree = BUILT_PRODUCTS_DIR; };
		356BCBA31D571942007CBF2A /* OmniUITests.swift */ = {isa = PBXFileReference; lastKnownFileType = sourcecode.swift; path = OmniUITests.swift; sourceTree = "<group>"; };
		356BCBA51D571942007CBF2A /* Info.plist */ = {isa = PBXFileReference; lastKnownFileType = text.plist.xml; path = Info.plist; sourceTree = "<group>"; };
/* End PBXFileReference section */

/* Begin PBXFrameworksBuildPhase section */
		356BCB7D1D571942007CBF2A /* Frameworks */ = {
			isa = PBXFrameworksBuildPhase;
			buildActionMask = 2147483647;
			files = (
			);
			runOnlyForDeploymentPostprocessing = 0;
		};
		356BCB911D571942007CBF2A /* Frameworks */ = {
			isa = PBXFrameworksBuildPhase;
			buildActionMask = 2147483647;
			files = (
			);
			runOnlyForDeploymentPostprocessing = 0;
		};
		356BCB9C1D571942007CBF2A /* Frameworks */ = {
			isa = PBXFrameworksBuildPhase;
			buildActionMask = 2147483647;
			files = (
			);
			runOnlyForDeploymentPostprocessing = 0;
		};
/* End PBXFrameworksBuildPhase section */

/* Begin PBXGroup section */
		356BCB771D571942007CBF2A = {
			isa = PBXGroup;
			children = (
				356BCB821D571942007CBF2A /* Omni */,
				356BCB971D571942007CBF2A /* OmniTests */,
				356BCBA21D571942007CBF2A /* OmniUITests */,
				356BCB811D571942007CBF2A /* Products */,
			);
			sourceTree = "<group>";
		};
		356BCB811D571942007CBF2A /* Products */ = {
			isa = PBXGroup;
			children = (
				356BCB801D571942007CBF2A /* Omni.app */,
				356BCB941D571942007CBF2A /* OmniTests.xctest */,
				356BCB9F1D571942007CBF2A /* OmniUITests.xctest */,
			);
			name = Products;
			sourceTree = "<group>";
		};
		356BCB821D571942007CBF2A /* Omni */ = {
			isa = PBXGroup;
			children = (
				356BCB831D571942007CBF2A /* AppDelegate.swift */,
				356BCB851D571942007CBF2A /* ViewController.swift */,
				356BCB871D571942007CBF2A /* Main.storyboard */,
				356BCB8A1D571942007CBF2A /* Assets.xcassets */,
				356BCB8C1D571942007CBF2A /* LaunchScreen.storyboard */,
				356BCB8F1D571942007CBF2A /* Info.plist */,
			);
			path = Omni;
			sourceTree = "<group>";
		};
		356BCB971D571942007CBF2A /* OmniTests */ = {
			isa = PBXGroup;
			children = (
				356BCB981D571942007CBF2A /* OmniTests.swift */,
				356BCB9A1D571942007CBF2A /* Info.plist */,
			);
			path = OmniTests;
			sourceTree = "<group>";
		};
		356BCBA21D571942007CBF2A /* OmniUITests */ = {
			isa = PBXGroup;
			children = (
				356BCBA31D571942007CBF2A /* OmniUITests.swift */,
				356BCBA51D571942007CBF2A /* Info.plist */,
			);
			path = OmniUITests;
			sourceTree = "<group>";
		};
/* End PBXGroup section */

/* Begin PBXNativeTarget section */
		356BCB7F1D571942007CBF2A /* Omni */ = {
			isa = PBXNativeTarget;
			buildConfigurationList = 356BCBA81D571942007CBF2A /* Build configuration list for PBXNativeTarget "Omni" */;
			buildPhases = (
				356BCB7C1D571942007CBF2A /* Sources */,
				356BCB7D1D571942007CBF2A /* Frameworks */,
				356BCB7E1D571942007CBF2A /* Resources */,
			);
			buildRules = (
			);
			dependencies = (
			);
			name = Omni;
			productName = Omni;
			productReference = 356BCB801D571942007CBF2A /* Omni.app */;
			productType = "com.apple.product-type.application";
		};
		356BCB931D571942007CBF2A /* OmniTests */ = {
			isa = PBXNativeTarget;
			buildConfigurationList = 356BCBAB1D571942007CBF2A /* Build configuration list for PBXNativeTarget "OmniTests" */;
			buildPhases = (
				356BCB901D571942007CBF2A /* Sources */,
				356BCB911D571942007CBF2A /* Frameworks */,
				356BCB921D571942007CBF2A /* Resources */,
			);
			buildRules = (
			);
			dependencies = (
				356BCB961D571942007CBF2A /* PBXTargetDependency */,
			);
			name = OmniTests;
			productName = OmniTests;
			productReference = 356BCB941D571942007CBF2A /* OmniTests.xctest */;
			productType = "com.apple.product-type.bundle.unit-test";
		};
		356BCB9E1D571942007CBF2A /* OmniUITests */ = {
			isa = PBXNativeTarget;
			buildConfigurationList = 356BCBAE1D571942007CBF2A /* Build configuration list for PBXNativeTarget "OmniUITests" */;
			buildPhases = (
				356BCB9B1D571942007CBF2A /* Sources */,
				356BCB9C1D571942007CBF2A /* Frameworks */,
				356BCB9D1D571942007CBF2A /* Resources */,
			);
			buildRules = (
			);
			dependencies = (
				356BCBA11D571942007CBF2A /* PBXTargetDependency */,
			);
			name = OmniUITests;
			productName = OmniUITests;
			productReference = 356BCB9F1D571942007CBF2A /* OmniUITests.xctest */;
			productType = "com.apple.product-type.bundle.ui-testing";
		};
/* End PBXNativeTarget section */

/* Begin PBXProject section */
		356BCB781D571942007CBF2A /* Project object */ = {
			isa = PBXProject;
			attributes = {
				LastSwiftUpdateCheck = 0730;
				LastUpgradeCheck = 0730;
				ORGANIZATIONNAME = Omni;
				TargetAttributes = {
					356BCB7F1D571942007CBF2A = {
						CreatedOnToolsVersion = 7.3.1;
						DevelopmentTeam = EK2ES9ZSUG;
					};
					356BCB931D571942007CBF2A = {
						CreatedOnToolsVersion = 7.3.1;
						DevelopmentTeam = EK2ES9ZSUG;
						TestTargetID = 356BCB7F1D571942007CBF2A;
					};
					356BCB9E1D571942007CBF2A = {
						CreatedOnToolsVersion = 7.3.1;
						DevelopmentTeam = EK2ES9ZSUG;
						TestTargetID = 356BCB7F1D571942007CBF2A;
					};
				};
			};
			buildConfigurationList = 356BCB7B1D571942007CBF2A /* Build configuration list for PBXProject "Omni" */;
			compatibilityVersion = "Xcode 3.2";
			developmentRegion = English;
			hasScannedForEncodings = 0;
			knownRegions = (
				en,
				Base,
			);
			mainGroup = 356BCB771D571942007CBF2A;
			productRefGroup = 356BCB811D571942007CBF2A /* Products */;
			projectDirPath = "";
			projectRoot = "";
			targets = (
				356BCB7F1D571942007CBF2A /* Omni */,
				356BCB931D571942007CBF2A /* OmniTests */,
				356BCB9E1D571942007CBF2A /* OmniUITests */,
			);
		};
/* End PBXProject section */

/* Begin PBXResourcesBuildPhase section */
		356BCB7E1D571942007CBF2A /* Resources */ = {
			isa = PBXResourcesBuildPhase;
			buildActionMask = 2147483647;
			files = (
				356BCB8E1D571942007CBF2A /* LaunchScreen.storyboard in Resources */,
				356BCB8B1D571942007CBF2A /* Assets.xcassets in Resources */,
				356BCB891D571942007CBF2A /* Main.storyboard in Resources */,
			);
			runOnlyForDeploymentPostprocessing = 0;
		};
		356BCB921D571942007CBF2A /* Resources */ = {
			isa = PBXResourcesBuildPhase;
			buildActionMask = 2147483647;
			files = (
			);
			runOnlyForDeploymentPostprocessing = 0;
		};
		356BCB9D1D571942007CBF2A /* Resources */ = {
			isa = PBXResourcesBuildPhase;
			buildActionMask = 2147483647;
			files = (
			);
			runOnlyForDeploymentPostprocessing = 0;
		};
/* End PBXResourcesBuildPhase section */

/* Begin PBXSourcesBuildPhase section */
		356BCB7C1D571942007CBF2A /* Sources */ = {
			isa = PBXSourcesBuildPhase;
			buildActionMask = 2147483647;
			files = (
				356BCB861D571942007CBF2A /* ViewController.swift in Sources */,
				356BCB841D571942007CBF2A /* AppDelegate.swift in Sources */,
			);
			runOnlyForDeploymentPostprocessing = 0;
		};
		356BCB901D571942007CBF2A /* Sources */ = {
			isa = PBXSourcesBuildPhase;
			buildActionMask = 2147483647;
			files = (
				356BCB991D571942007CBF2A /* OmniTests.swift in Sources */,
			);
			runOnlyForDeploymentPostprocessing = 0;
		};
		356BCB9B1D571942007CBF2A /* Sources */ = {
			isa = PBXSourcesBuildPhase;
			buildActionMask = 2147483647;
			files = (
				356BCBA41D571942007CBF2A /* OmniUITests.swift in Sources */,
			);
			runOnlyForDeploymentPostprocessing = 0;
		};
/* End PBXSourcesBuildPhase section */

/* Begin PBXTargetDependency section */
		356BCB961D571942007CBF2A /* PBXTargetDependency */ = {
			isa = PBXTargetDependency;
			target = 356BCB7F1D571942007CBF2A /* Omni */;
			targetProxy = 356BCB951D571942007CBF2A /* PBXContainerItemProxy */;
		};
		356BCBA11D571942007CBF2A /* PBXTargetDependency */ = {
			isa = PBXTargetDependency;
			target = 356BCB7F1D571942007CBF2A /* Omni */;
			targetProxy = 356BCBA01D571942007CBF2A /* PBXContainerItemProxy */;
		};
/* End PBXTargetDependency section */

/* Begin PBXVariantGroup section */
		356BCB871D571942007CBF2A /* Main.storyboard */ = {
			isa = PBXVariantGroup;
			children = (
				356BCB881D571942007CBF2A /* Base */,
			);
			name = Main.storyboard;
			sourceTree = "<group>";
		};
		356BCB8C1D571942007CBF2A /* LaunchScreen.storyboard */ = {
			isa = PBXVariantGroup;
			children = (
				356BCB8D1D571942007CBF2A /* Base */,
			);
			name = LaunchScreen.storyboard;
			sourceTree = "<group>";
		};
/* End PBXVariantGroup section */

/* Begin XCBuildConfiguration section */
		356BCBA61D571942007CBF2A /* Debug */ = {
			isa = XCBuildConfiguration;
			buildSettings = {
				ALWAYS_SEARCH_USER_PATHS = NO;
				CLANG_ANALYZER_NONNULL = YES;
				CLANG_CXX_LANGUAGE_STANDARD = "gnu++0x";
				CLANG_CXX_LIBRARY = "libc++";
				CLANG_ENABLE_MODULES = YES;
				CLANG_ENABLE_OBJC_ARC = YES;
				CLANG_WARN_BOOL_CONVERSION = YES;
				CLANG_WARN_CONSTANT_CONVERSION = YES;
				CLANG_WARN_DIRECT_OBJC_ISA_USAGE = YES_ERROR;
				CLANG_WARN_EMPTY_BODY = YES;
				CLANG_WARN_ENUM_CONVERSION = YES;
				CLANG_WARN_INT_CONVERSION = YES;
				CLANG_WARN_OBJC_ROOT_CLASS = YES_ERROR;
				CLANG_WARN_UNREACHABLE_CODE = YES;
				CLANG_WARN__DUPLICATE_METHOD_MATCH = YES;
				"CODE_SIGN_IDENTITY[sdk=iphoneos*]" = "iPhone Developer";
				COPY_PHASE_STRIP = NO;
				DEBUG_INFORMATION_FORMAT = dwarf;
				ENABLE_STRICT_OBJC_MSGSEND = YES;
				ENABLE_TESTABILITY = YES;
				GCC_C_LANGUAGE_STANDARD = gnu99;
				GCC_DYNAMIC_NO_PIC = NO;
				GCC_NO_COMMON_BLOCKS = YES;
				GCC_OPTIMIZATION_LEVEL = 0;
				GCC_PREPROCESSOR_DEFINITIONS = (
					"DEBUG=1",
					"$(inherited)",
				);
				GCC_WARN_64_TO_32_BIT_CONVERSION = YES;
				GCC_WARN_ABOUT_RETURN_TYPE = YES_ERROR;
				GCC_WARN_UNDECLARED_SELECTOR = YES;
				GCC_WARN_UNINITIALIZED_AUTOS = YES_AGGRESSIVE;
				GCC_WARN_UNUSED_FUNCTION = YES;
				GCC_WARN_UNUSED_VARIABLE = YES;
				IPHONEOS_DEPLOYMENT_TARGET = 9.3;
				MTL_ENABLE_DEBUG_INFO = YES;
				ONLY_ACTIVE_ARCH = YES;
				SDKROOT = iphoneos;
				SWIFT_OPTIMIZATION_LEVEL = "-Onone";
				TARGETED_DEVICE_FAMILY = "1,2";
			};
			name = Debug;
		};
		356BCBA71D571942007CBF2A /* Release */ = {
			isa = XCBuildConfiguration;
			buildSettings = {
				ALWAYS_SEARCH_USER_PATHS = NO;
				CLANG_ANALYZER_NONNULL = YES;
				CLANG_CXX_LANGUAGE_STANDARD = "gnu++0x";
				CLANG_CXX_LIBRARY = "libc++";
				CLANG_ENABLE_MODULES = YES;
				CLANG_ENABLE_OBJC_ARC = YES;
				CLANG_WARN_BOOL_CONVERSION = YES;
				CLANG_WARN_CONSTANT_CONVERSION = YES;
				CLANG_WARN_DIRECT_OBJC_ISA_USAGE = YES_ERROR;
				CLANG_WARN_EMPTY_BODY = YES;
				CLANG_WARN_ENUM_CONVERSION = YES;
				CLANG_WARN_INT_CONVERSION = YES;
				CLANG_WARN_OBJC_ROOT_CLASS = YES_ERROR;
				CLANG_WARN_UNREACHABLE_CODE = YES;
				CLANG_WARN__DUPLICATE_METHOD_MATCH = YES;
				"CODE_SIGN_IDENTITY[sdk=iphoneos*]" = "iPhone Developer";
				COPY_PHASE_STRIP = NO;
				DEBUG_INFORMATION_FORMAT = "dwarf-with-dsym";
				ENABLE_NS_ASSERTIONS = NO;
				ENABLE_STRICT_OBJC_MSGSEND = YES;
				GCC_C_LANGUAGE_STANDARD = gnu99;
				GCC_NO_COMMON_BLOCKS = YES;
				GCC_WARN_64_TO_32_BIT_CONVERSION = YES;
				GCC_WARN_ABOUT_RETURN_TYPE = YES_ERROR;
				GCC_WARN_UNDECLARED_SELECTOR = YES;
				GCC_WARN_UNINITIALIZED_AUTOS = YES_AGGRESSIVE;
				GCC_WARN_UNUSED_FUNCTION = YES;
				GCC_WARN_UNUSED_VARIABLE = YES;
				IPHONEOS_DEPLOYMENT_TARGET = 9.3;
				MTL_ENABLE_DEBUG_INFO = NO;
				SDKROOT = iphoneos;
				TARGETED_DEVICE_FAMILY = "1,2";
				VALIDATE_PRODUCT = YES;
			};
			name = Release;
		};
		356BCBA91D571942007CBF2A /* Debug */ = {
			isa = XCBuildConfiguration;
			buildSettings = {
				ASSETCATALOG_COMPILER_APPICON_NAME = AppIcon;
				INFOPLIST_FILE = Omni/Info.plist;
				LD_RUNPATH_SEARCH_PATHS = "$(inherited) @executable_path/Frameworks";
				PRODUCT_BUNDLE_IDENTIFIER = omni.Omni;
				PRODUCT_NAME = "$(TARGET_NAME)";
			};
			name = Debug;
		};
		356BCBAA1D571942007CBF2A /* Release */ = {
			isa = XCBuildConfiguration;
			buildSettings = {
				ASSETCATALOG_COMPILER_APPICON_NAME = AppIcon;
				INFOPLIST_FILE = Omni/Info.plist;
				LD_RUNPATH_SEARCH_PATHS = "$(inherited) @executable_path/Frameworks";
				PRODUCT_BUNDLE_IDENTIFIER = omni.Omni;
				PRODUCT_NAME = "$(TARGET_NAME)";
			};
			name = Release;
		};
		356BCBAC1D571942007CBF2A /* Debug */ = {
			isa = XCBuildConfiguration;
			buildSettings = {
				BUNDLE_LOADER = "$(TEST_HOST)";
				INFOPLIST_FILE = OmniTests/Info.plist;
				LD_RUNPATH_SEARCH_PATHS = "$(inherited) @executable_path/Frameworks @loader_path/Frameworks";
				PRODUCT_BUNDLE_IDENTIFIER = omni.OmniTests;
				PRODUCT_NAME = "$(TARGET_NAME)";
				TEST_HOST = "$(BUILT_PRODUCTS_DIR)/Omni.app/Omni";
			};
			name = Debug;
		};
		356BCBAD1D571942007CBF2A /* Release */ = {
			isa = XCBuildConfiguration;
			buildSettings = {
				BUNDLE_LOADER = "$(TEST_HOST)";
				INFOPLIST_FILE = OmniTests/Info.plist;
				LD_RUNPATH_SEARCH_PATHS = "$(inherited) @executable_path/Frameworks @loader_path/Frameworks";
				PRODUCT_BUNDLE_IDENTIFIER = omni.OmniTests;
				PRODUCT_NAME = "$(TARGET_NAME)";
				TEST_HOST = "$(BUILT_PRODUCTS_DIR)/Omni.app/Omni";
			};
			name = Release;
		};
		356BCBAF1D571942007CBF2A /* Debug */ = {
			isa = XCBuildConfiguration;
			buildSettings = {
				INFOPLIST_FILE = OmniUITests/Info.plist;
				LD_RUNPATH_SEARCH_PATHS = "$(inherited) @executable_path/Frameworks @loader_path/Frameworks";
				PRODUCT_BUNDLE_IDENTIFIER = omni.OmniUITests;
				PRODUCT_NAME = "$(TARGET_NAME)";
				TEST_TARGET_NAME = Omni;
			};
			name = Debug;
		};
		356BCBB01D571942007CBF2A /* Release */ = {
			isa = XCBuildConfiguration;
			buildSettings = {
				INFOPLIST_FILE = OmniUITests/Info.plist;
				LD_RUNPATH_SEARCH_PATHS = "$(inherited) @executable_path/Frameworks @loader_path/Frameworks";
				PRODUCT_BUNDLE_IDENTIFIER = omni.OmniUITests;
				PRODUCT_NAME = "$(TARGET_NAME)";
				TEST_TARGET_NAME = Omni;
			};
			name = Release;
		};
/* End XCBuildConfiguration section */

/* Begin XCConfigurationList section */
		356BCB7B1D571942007CBF2A /* Build configuration list for PBXProject "Omni" */ = {
			isa = XCConfigurationList;
			buildConfigurations = (
				356BCBA61D571942007CBF2A /* Debug */,
				356BCBA71D571942007CBF2A /* Release */,
			);
			defaultConfigurationIsVisible = 0;
			defaultConfigurationName = Release;
		};
		356BCBA81D571942007CBF2A /* Build configuration list for PBXNativeTarget "Omni" */ = {
			isa = XCConfigurationList;
			buildConfigurations = (
				356BCBA91D571942007CBF2A /* Debug */,
				356BCBAA1D571942007CBF2A /* Release */,
			);
			defaultConfigurationIsVisible = 0;
		};
		356BCBAB1D571942007CBF2A /* Build configuration list for PBXNativeTarget "OmniTests" */ = {
			isa = XCConfigurationList;
			buildConfigurations = (
				356BCBAC1D571942007CBF2A /* Debug */,
				356BCBAD1D571942007CBF2A /* Release */,
			);
			defaultConfigurationIsVisible = 0;
		};
		356BCBAE1D571942007CBF2A /* Build configuration list for PBXNativeTarget "OmniUITests" */ = {
			isa = XCConfigurationList;
			buildConfigurations = (
				356BCBAF1D571942007CBF2A /* Debug */,
				356BCBB01D571942007CBF2A /* Release */,
			);
			defaultConfigurationIsVisible = 0;
		};
/* End XCConfigurationList section */
	};
	rootObject = 356BCB781D571942007CBF2A /* Project object */;
}
